PODS:
  - JCore (4.2.8)
  - JPush (5.0.1):
    - JCore (>= 2.0.0)

DEPENDENCIES:
  - JCore (~> 4.2.1)
  - JPush (~> 5.0.1)

SPEC REPOS:
  trunk:
    - JCore
    - JPush

SPEC CHECKSUMS:
  JCore: 914a446853521f3e353c74cea17e214bee9c9ffc
  JPush: bf8d6011eb80c776aa40a0c4f5c25fd10335af9c

PODFILE CHECKSUM: c1a7561f16911d61ff5e3ebb02e8831852c3d0a9

COCOAPODS: 1.11.3
